// !$*UTF8*$!
{
	archiveVersion = 1;
	classes = {
	};
	objectVersion = 46;
	objects = {

/* Begin PBXBuildFile section */
		8DCD9DCA7E186E6D6E3E4734 /* libPods.a in Frameworks */ = {isa = PBXBuildFile; fileRef = 58667B152B86E5A8B18C7350 /* libPods.a */; };
		B228EE111BB7D2C4001EE0C2 /* PopularFoodViewController.swift in Sources */ = {isa = PBXBuildFile; fileRef = B228EE101BB7D2C4001EE0C2 /* PopularFoodViewController.swift */; };
		B228EE131BB7D2F2001EE0C2 /* PopularPlaceViewController.swift in Sources */ = {isa = PBXBuildFile; fileRef = B228EE121BB7D2F2001EE0C2 /* PopularPlaceViewController.swift */; };
		B24E1ECF1BB89ED600E5A4B6 /* tochio.jpeg in Resources */ = {isa = PBXBuildFile; fileRef = B24E1ECE1BB89ED600E5A4B6 /* tochio.jpeg */; settings = {ASSET_TAGS = (); }; };
		B27DA5C81B8C3CE400A20569 /* AppDelegate.swift in Sources */ = {isa = PBXBuildFile; fileRef = B27DA5C71B8C3CE400A20569 /* AppDelegate.swift */; };
		B27DA5CA1B8C3CE400A20569 /* ViewController.swift in Sources */ = {isa = PBXBuildFile; fileRef = B27DA5C91B8C3CE400A20569 /* ViewController.swift */; };
		B27DA5CD1B8C3CE400A20569 /* Main.storyboard in Resources */ = {isa = PBXBuildFile; fileRef = B27DA5CB1B8C3CE400A20569 /* Main.storyboard */; };
		B27DA5CF1B8C3CE400A20569 /* Images.xcassets in Resources */ = {isa = PBXBuildFile; fileRef = B27DA5CE1B8C3CE400A20569 /* Images.xcassets */; };
		B27DA5D21B8C3CE400A20569 /* LaunchScreen.xib in Resources */ = {isa = PBXBuildFile; fileRef = B27DA5D01B8C3CE400A20569 /* LaunchScreen.xib */; };
		B27DA5DE1B8C3CE500A20569 /* Nomiaruki_AppTests.swift in Sources */ = {isa = PBXBuildFile; fileRef = B27DA5DD1B8C3CE500A20569 /* Nomiaruki_AppTests.swift */; };
		B2B29F111BBA002B00DB49E2 /* kubota2.jpg in Resources */ = {isa = PBXBuildFile; fileRef = B2B29F101BBA002B00DB49E2 /* kubota2.jpg */; settings = {ASSET_TAGS = (); }; };
		B2B29F131BBA25F900DB49E2 /* CustomUICollectionVIewCell.swift in Sources */ = {isa = PBXBuildFile; fileRef = B2B29F121BBA25F900DB49E2 /* CustomUICollectionVIewCell.swift */; settings = {ASSET_TAGS = (); }; };
		E736401B1BA84718006B0368 /* FirstViewController.swift in Sources */ = {isa = PBXBuildFile; fileRef = E736401A1BA84718006B0368 /* FirstViewController.swift */; };
		E736401D1BA84737006B0368 /* SecondViewController.swift in Sources */ = {isa = PBXBuildFile; fileRef = E736401C1BA84737006B0368 /* SecondViewController.swift */; };
		E736401F1BA848DF006B0368 /* ThirdViewController.swift in Sources */ = {isa = PBXBuildFile; fileRef = E736401E1BA848DF006B0368 /* ThirdViewController.swift */; };
		E73640271BA85867006B0368 /* FourthViewController.swift in Sources */ = {isa = PBXBuildFile; fileRef = E73640261BA85867006B0368 /* FourthViewController.swift */; };
		E753A58F1BB8ED7B00232C5E /* RAMBounceAnimation.swift in Sources */ = {isa = PBXBuildFile; fileRef = E753A5841BB8ED7A00232C5E /* RAMBounceAnimation.swift */; settings = {ASSET_TAGS = (); }; };
		E753A5901BB8ED7B00232C5E /* RAMFrameItemAnimation.swift in Sources */ = {isa = PBXBuildFile; fileRef = E753A5861BB8ED7A00232C5E /* RAMFrameItemAnimation.swift */; settings = {ASSET_TAGS = (); }; };
		E753A5911BB8ED7B00232C5E /* RAMFumeAnimation.swift in Sources */ = {isa = PBXBuildFile; fileRef = E753A5881BB8ED7B00232C5E /* RAMFumeAnimation.swift */; settings = {ASSET_TAGS = (); }; };
		E753A5921BB8ED7B00232C5E /* RAMRotationAnimation.swift in Sources */ = {isa = PBXBuildFile; fileRef = E753A58A1BB8ED7B00232C5E /* RAMRotationAnimation.swift */; settings = {ASSET_TAGS = (); }; };
		E753A5931BB8ED7B00232C5E /* RAMTransitionItemAnimation.swift in Sources */ = {isa = PBXBuildFile; fileRef = E753A58C1BB8ED7B00232C5E /* RAMTransitionItemAnimation.swift */; settings = {ASSET_TAGS = (); }; };
		E753A5941BB8ED7B00232C5E /* RAMAnimatedTabBarController.swift in Sources */ = {isa = PBXBuildFile; fileRef = E753A58D1BB8ED7B00232C5E /* RAMAnimatedTabBarController.swift */; settings = {ASSET_TAGS = (); }; };
		E753A5951BB8ED7B00232C5E /* RAMItemAnimationProtocol.swift in Sources */ = {isa = PBXBuildFile; fileRef = E753A58E1BB8ED7B00232C5E /* RAMItemAnimationProtocol.swift */; settings = {ASSET_TAGS = (); }; };
		E7BFC4D81BA871C2000069EB /* PopularSakeViewController.swift in Sources */ = {isa = PBXBuildFile; fileRef = E7BFC4D71BA871C2000069EB /* PopularSakeViewController.swift */; };
/* End PBXBuildFile section */

/* Begin PBXContainerItemProxy section */
		B27DA5D81B8C3CE500A20569 /* PBXContainerItemProxy */ = {
			isa = PBXContainerItemProxy;
			containerPortal = B27DA5BA1B8C3CE400A20569 /* Project object */;
			proxyType = 1;
			remoteGlobalIDString = B27DA5C11B8C3CE400A20569;
			remoteInfo = Nomiaruki_App;
		};
/* End PBXContainerItemProxy section */

/* Begin PBXFileReference section */
		58667B152B86E5A8B18C7350 /* libPods.a */ = {isa = PBXFileReference; explicitFileType = archive.ar; includeInIndex = 0; path = libPods.a; sourceTree = BUILT_PRODUCTS_DIR; };
		A0519420F48334D6F14DE5BF /* Pods.debug.xcconfig */ = {isa = PBXFileReference; includeInIndex = 1; lastKnownFileType = text.xcconfig; name = Pods.debug.xcconfig; path = "Pods/Target Support Files/Pods/Pods.debug.xcconfig"; sourceTree = "<group>"; };
		B228EE101BB7D2C4001EE0C2 /* PopularFoodViewController.swift */ = {isa = PBXFileReference; fileEncoding = 4; lastKnownFileType = sourcecode.swift; path = PopularFoodViewController.swift; sourceTree = "<group>"; };
		B228EE121BB7D2F2001EE0C2 /* PopularPlaceViewController.swift */ = {isa = PBXFileReference; fileEncoding = 4; lastKnownFileType = sourcecode.swift; path = PopularPlaceViewController.swift; sourceTree = "<group>"; };
		B24E1ECE1BB89ED600E5A4B6 /* tochio.jpeg */ = {isa = PBXFileReference; lastKnownFileType = image.jpeg; name = tochio.jpeg; path = ../../../Downloads/tochio.jpeg; sourceTree = "<group>"; };
		B27DA5C21B8C3CE400A20569 /* Nomiaruki_App.app */ = {isa = PBXFileReference; explicitFileType = wrapper.application; includeInIndex = 0; path = Nomiaruki_App.app; sourceTree = BUILT_PRODUCTS_DIR; };
		B27DA5C61B8C3CE400A20569 /* Info.plist */ = {isa = PBXFileReference; lastKnownFileType = text.plist.xml; path = Info.plist; sourceTree = "<group>"; };
		B27DA5C71B8C3CE400A20569 /* AppDelegate.swift */ = {isa = PBXFileReference; lastKnownFileType = sourcecode.swift; path = AppDelegate.swift; sourceTree = "<group>"; };
		B27DA5C91B8C3CE400A20569 /* ViewController.swift */ = {isa = PBXFileReference; lastKnownFileType = sourcecode.swift; path = ViewController.swift; sourceTree = "<group>"; };
		B27DA5CC1B8C3CE400A20569 /* Base */ = {isa = PBXFileReference; lastKnownFileType = file.storyboard; name = Base; path = Base.lproj/Main.storyboard; sourceTree = "<group>"; };
		B27DA5CE1B8C3CE400A20569 /* Images.xcassets */ = {isa = PBXFileReference; lastKnownFileType = folder.assetcatalog; path = Images.xcassets; sourceTree = "<group>"; };
		B27DA5D11B8C3CE400A20569 /* Base */ = {isa = PBXFileReference; lastKnownFileType = file.xib; name = Base; path = Base.lproj/LaunchScreen.xib; sourceTree = "<group>"; };
		B27DA5D71B8C3CE500A20569 /* Nomiaruki_AppTests.xctest */ = {isa = PBXFileReference; explicitFileType = wrapper.cfbundle; includeInIndex = 0; path = Nomiaruki_AppTests.xctest; sourceTree = BUILT_PRODUCTS_DIR; };
		B27DA5DC1B8C3CE500A20569 /* Info.plist */ = {isa = PBXFileReference; lastKnownFileType = text.plist.xml; path = Info.plist; sourceTree = "<group>"; };
		B27DA5DD1B8C3CE500A20569 /* Nomiaruki_AppTests.swift */ = {isa = PBXFileReference; lastKnownFileType = sourcecode.swift; path = Nomiaruki_AppTests.swift; sourceTree = "<group>"; };
		B2B29F101BBA002B00DB49E2 /* kubota2.jpg */ = {isa = PBXFileReference; lastKnownFileType = image.jpeg; name = kubota2.jpg; path = ../../../Downloads/kubota2.jpg; sourceTree = "<group>"; };
		B2B29F121BBA25F900DB49E2 /* CustomUICollectionVIewCell.swift */ = {isa = PBXFileReference; fileEncoding = 4; lastKnownFileType = sourcecode.swift; path = CustomUICollectionVIewCell.swift; sourceTree = "<group>"; };
		C574A135F351139856F954DD /* Pods.release.xcconfig */ = {isa = PBXFileReference; includeInIndex = 1; lastKnownFileType = text.xcconfig; name = Pods.release.xcconfig; path = "Pods/Target Support Files/Pods/Pods.release.xcconfig"; sourceTree = "<group>"; };
		E736401A1BA84718006B0368 /* FirstViewController.swift */ = {isa = PBXFileReference; fileEncoding = 4; lastKnownFileType = sourcecode.swift; path = FirstViewController.swift; sourceTree = "<group>"; };
		E736401C1BA84737006B0368 /* SecondViewController.swift */ = {isa = PBXFileReference; fileEncoding = 4; lastKnownFileType = sourcecode.swift; path = SecondViewController.swift; sourceTree = "<group>"; };
		E736401E1BA848DF006B0368 /* ThirdViewController.swift */ = {isa = PBXFileReference; fileEncoding = 4; lastKnownFileType = sourcecode.swift; path = ThirdViewController.swift; sourceTree = "<group>"; };
		E73640261BA85867006B0368 /* FourthViewController.swift */ = {isa = PBXFileReference; fileEncoding = 4; lastKnownFileType = sourcecode.swift; path = FourthViewController.swift; sourceTree = "<group>"; };
		E753A57C1BB8E57200232C5E /* Bridging-Header.h */ = {isa = PBXFileReference; lastKnownFileType = sourcecode.c.h; path = "Bridging-Header.h"; sourceTree = "<group>"; };
		E753A5841BB8ED7A00232C5E /* RAMBounceAnimation.swift */ = {isa = PBXFileReference; fileEncoding = 4; lastKnownFileType = sourcecode.swift; path = RAMBounceAnimation.swift; sourceTree = "<group>"; };
		E753A5861BB8ED7A00232C5E /* RAMFrameItemAnimation.swift */ = {isa = PBXFileReference; fileEncoding = 4; lastKnownFileType = sourcecode.swift; path = RAMFrameItemAnimation.swift; sourceTree = "<group>"; };
		E753A5881BB8ED7B00232C5E /* RAMFumeAnimation.swift */ = {isa = PBXFileReference; fileEncoding = 4; lastKnownFileType = sourcecode.swift; path = RAMFumeAnimation.swift; sourceTree = "<group>"; };
		E753A58A1BB8ED7B00232C5E /* RAMRotationAnimation.swift */ = {isa = PBXFileReference; fileEncoding = 4; lastKnownFileType = sourcecode.swift; path = RAMRotationAnimation.swift; sourceTree = "<group>"; };
		E753A58C1BB8ED7B00232C5E /* RAMTransitionItemAnimation.swift */ = {isa = PBXFileReference; fileEncoding = 4; lastKnownFileType = sourcecode.swift; path = RAMTransitionItemAnimation.swift; sourceTree = "<group>"; };
		E753A58D1BB8ED7B00232C5E /* RAMAnimatedTabBarController.swift */ = {isa = PBXFileReference; fileEncoding = 4; lastKnownFileType = sourcecode.swift; path = RAMAnimatedTabBarController.swift; sourceTree = "<group>"; };
		E753A58E1BB8ED7B00232C5E /* RAMItemAnimationProtocol.swift */ = {isa = PBXFileReference; fileEncoding = 4; lastKnownFileType = sourcecode.swift; path = RAMItemAnimationProtocol.swift; sourceTree = "<group>"; };
		E7BFC4D71BA871C2000069EB /* PopularSakeViewController.swift */ = {isa = PBXFileReference; fileEncoding = 4; lastKnownFileType = sourcecode.swift; path = PopularSakeViewController.swift; sourceTree = "<group>"; };
/* End PBXFileReference section */

/* Begin PBXFrameworksBuildPhase section */
		B27DA5BF1B8C3CE400A20569 /* Frameworks */ = {
			isa = PBXFrameworksBuildPhase;
			buildActionMask = 2147483647;
			files = (
				8DCD9DCA7E186E6D6E3E4734 /* libPods.a in Frameworks */,
			);
			runOnlyForDeploymentPostprocessing = 0;
		};
		B27DA5D41B8C3CE500A20569 /* Frameworks */ = {
			isa = PBXFrameworksBuildPhase;
			buildActionMask = 2147483647;
			files = (
			);
			runOnlyForDeploymentPostprocessing = 0;
		};
/* End PBXFrameworksBuildPhase section */

/* Begin PBXGroup section */
		A81CD1B05258AE7511B615BF /* Frameworks */ = {
			isa = PBXGroup;
			children = (
				58667B152B86E5A8B18C7350 /* libPods.a */,
			);
			name = Frameworks;
			sourceTree = "<group>";
		};
		AB834F983D3FA4733E66643A /* Pods */ = {
			isa = PBXGroup;
			children = (
				A0519420F48334D6F14DE5BF /* Pods.debug.xcconfig */,
				C574A135F351139856F954DD /* Pods.release.xcconfig */,
			);
			name = Pods;
			sourceTree = "<group>";
		};
		B27DA5B91B8C3CE400A20569 = {
			isa = PBXGroup;
			children = (
				B27DA5C41B8C3CE400A20569 /* Nomiaruki_App */,
				B27DA5DA1B8C3CE500A20569 /* Nomiaruki_AppTests */,
				B27DA5C31B8C3CE400A20569 /* Products */,
				AB834F983D3FA4733E66643A /* Pods */,
				A81CD1B05258AE7511B615BF /* Frameworks */,
			);
			sourceTree = "<group>";
		};
		B27DA5C31B8C3CE400A20569 /* Products */ = {
			isa = PBXGroup;
			children = (
				B27DA5C21B8C3CE400A20569 /* Nomiaruki_App.app */,
				B27DA5D71B8C3CE500A20569 /* Nomiaruki_AppTests.xctest */,
			);
			name = Products;
			sourceTree = "<group>";
		};
		B27DA5C41B8C3CE400A20569 /* Nomiaruki_App */ = {
			isa = PBXGroup;
			children = (
				E753A5811BB8ED7A00232C5E /* RAMAnimatedTabBarController */,
				B24E1ECE1BB89ED600E5A4B6 /* tochio.jpeg */,
				B2B29F101BBA002B00DB49E2 /* kubota2.jpg */,
				B2B29F121BBA25F900DB49E2 /* CustomUICollectionVIewCell.swift */,
				B27DA5C71B8C3CE400A20569 /* AppDelegate.swift */,
				E736401E1BA848DF006B0368 /* ThirdViewController.swift */,
				E753A57C1BB8E57200232C5E /* Bridging-Header.h */,
				E736401A1BA84718006B0368 /* FirstViewController.swift */,
				E7BFC4D71BA871C2000069EB /* PopularSakeViewController.swift */,
				B228EE101BB7D2C4001EE0C2 /* PopularFoodViewController.swift */,
				B228EE121BB7D2F2001EE0C2 /* PopularPlaceViewController.swift */,
				E73640261BA85867006B0368 /* FourthViewController.swift */,
				E736401C1BA84737006B0368 /* SecondViewController.swift */,
				B27DA5C91B8C3CE400A20569 /* ViewController.swift */,
				B27DA5CB1B8C3CE400A20569 /* Main.storyboard */,
				B27DA5CE1B8C3CE400A20569 /* Images.xcassets */,
				B27DA5D01B8C3CE400A20569 /* LaunchScreen.xib */,
				B27DA5C51B8C3CE400A20569 /* Supporting Files */,
			);
			path = Nomiaruki_App;
			sourceTree = "<group>";
		};
		B27DA5C51B8C3CE400A20569 /* Supporting Files */ = {
			isa = PBXGroup;
			children = (
				B27DA5C61B8C3CE400A20569 /* Info.plist */,
			);
			name = "Supporting Files";
			sourceTree = "<group>";
		};
		B27DA5DA1B8C3CE500A20569 /* Nomiaruki_AppTests */ = {
			isa = PBXGroup;
			children = (
				B27DA5DD1B8C3CE500A20569 /* Nomiaruki_AppTests.swift */,
				B27DA5DB1B8C3CE500A20569 /* Supporting Files */,
			);
			path = Nomiaruki_AppTests;
			sourceTree = "<group>";
		};
		B27DA5DB1B8C3CE500A20569 /* Supporting Files */ = {
			isa = PBXGroup;
			children = (
				B27DA5DC1B8C3CE500A20569 /* Info.plist */,
			);
			name = "Supporting Files";
			sourceTree = "<group>";
		};
		E753A5811BB8ED7A00232C5E /* RAMAnimatedTabBarController */ = {
			isa = PBXGroup;
			children = (
				E753A5821BB8ED7A00232C5E /* Animations */,
				E753A58D1BB8ED7B00232C5E /* RAMAnimatedTabBarController.swift */,
				E753A58E1BB8ED7B00232C5E /* RAMItemAnimationProtocol.swift */,
			);
			path = RAMAnimatedTabBarController;
			sourceTree = "<group>";
		};
		E753A5821BB8ED7A00232C5E /* Animations */ = {
			isa = PBXGroup;
			children = (
				E753A5831BB8ED7A00232C5E /* BounceAnimation */,
				E753A5851BB8ED7A00232C5E /* FrameAnimation */,
				E753A5871BB8ED7A00232C5E /* FumeAnimation */,
				E753A5891BB8ED7B00232C5E /* RotationAnimation */,
				E753A58B1BB8ED7B00232C5E /* TransitionAniamtions */,
			);
			path = Animations;
			sourceTree = "<group>";
		};
		E753A5831BB8ED7A00232C5E /* BounceAnimation */ = {
			isa = PBXGroup;
			children = (
				E753A5841BB8ED7A00232C5E /* RAMBounceAnimation.swift */,
			);
			path = BounceAnimation;
			sourceTree = "<group>";
		};
		E753A5851BB8ED7A00232C5E /* FrameAnimation */ = {
			isa = PBXGroup;
			children = (
				E753A5861BB8ED7A00232C5E /* RAMFrameItemAnimation.swift */,
			);
			path = FrameAnimation;
			sourceTree = "<group>";
		};
		E753A5871BB8ED7A00232C5E /* FumeAnimation */ = {
			isa = PBXGroup;
			children = (
				E753A5881BB8ED7B00232C5E /* RAMFumeAnimation.swift */,
			);
			path = FumeAnimation;
			sourceTree = "<group>";
		};
		E753A5891BB8ED7B00232C5E /* RotationAnimation */ = {
			isa = PBXGroup;
			children = (
				E753A58A1BB8ED7B00232C5E /* RAMRotationAnimation.swift */,
			);
			path = RotationAnimation;
			sourceTree = "<group>";
		};
		E753A58B1BB8ED7B00232C5E /* TransitionAniamtions */ = {
			isa = PBXGroup;
			children = (
				E753A58C1BB8ED7B00232C5E /* RAMTransitionItemAnimation.swift */,
			);
			path = TransitionAniamtions;
			sourceTree = "<group>";
		};
/* End PBXGroup section */

/* Begin PBXNativeTarget section */
		B27DA5C11B8C3CE400A20569 /* Nomiaruki_App */ = {
			isa = PBXNativeTarget;
			buildConfigurationList = B27DA5E11B8C3CE500A20569 /* Build configuration list for PBXNativeTarget "Nomiaruki_App" */;
			buildPhases = (
				3D83A20F864A6C113E27C888 /* Check Pods Manifest.lock */,
				B27DA5BE1B8C3CE400A20569 /* Sources */,
				B27DA5BF1B8C3CE400A20569 /* Frameworks */,
				B27DA5C01B8C3CE400A20569 /* Resources */,
				66F958C37EF6B16E8A1436FC /* Copy Pods Resources */,
			);
			buildRules = (
			);
			dependencies = (
			);
			name = Nomiaruki_App;
			productName = Nomiaruki_App;
			productReference = B27DA5C21B8C3CE400A20569 /* Nomiaruki_App.app */;
			productType = "com.apple.product-type.application";
		};
		B27DA5D61B8C3CE500A20569 /* Nomiaruki_AppTests */ = {
			isa = PBXNativeTarget;
			buildConfigurationList = B27DA5E41B8C3CE500A20569 /* Build configuration list for PBXNativeTarget "Nomiaruki_AppTests" */;
			buildPhases = (
				B27DA5D31B8C3CE500A20569 /* Sources */,
				B27DA5D41B8C3CE500A20569 /* Frameworks */,
				B27DA5D51B8C3CE500A20569 /* Resources */,
			);
			buildRules = (
			);
			dependencies = (
				B27DA5D91B8C3CE500A20569 /* PBXTargetDependency */,
			);
			name = Nomiaruki_AppTests;
			productName = Nomiaruki_AppTests;
			productReference = B27DA5D71B8C3CE500A20569 /* Nomiaruki_AppTests.xctest */;
			productType = "com.apple.product-type.bundle.unit-test";
		};
/* End PBXNativeTarget section */

/* Begin PBXProject section */
		B27DA5BA1B8C3CE400A20569 /* Project object */ = {
			isa = PBXProject;
			attributes = {
				LastSwiftMigration = 0700;
				LastSwiftUpdateCheck = 0700;
				LastUpgradeCheck = 0640;
				ORGANIZATIONNAME = alancodvo;
				TargetAttributes = {
					B27DA5C11B8C3CE400A20569 = {
						CreatedOnToolsVersion = 6.4;
					};
					B27DA5D61B8C3CE500A20569 = {
						CreatedOnToolsVersion = 6.4;
						TestTargetID = B27DA5C11B8C3CE400A20569;
					};
				};
			};
			buildConfigurationList = B27DA5BD1B8C3CE400A20569 /* Build configuration list for PBXProject "Nomiaruki_App" */;
			compatibilityVersion = "Xcode 3.2";
			developmentRegion = English;
			hasScannedForEncodings = 0;
			knownRegions = (
				en,
				Base,
			);
			mainGroup = B27DA5B91B8C3CE400A20569;
			productRefGroup = B27DA5C31B8C3CE400A20569 /* Products */;
			projectDirPath = "";
			projectRoot = "";
			targets = (
				B27DA5C11B8C3CE400A20569 /* Nomiaruki_App */,
				B27DA5D61B8C3CE500A20569 /* Nomiaruki_AppTests */,
			);
		};
/* End PBXProject section */

/* Begin PBXResourcesBuildPhase section */
		B27DA5C01B8C3CE400A20569 /* Resources */ = {
			isa = PBXResourcesBuildPhase;
			buildActionMask = 2147483647;
			files = (
				B27DA5CD1B8C3CE400A20569 /* Main.storyboard in Resources */,
				B24E1ECF1BB89ED600E5A4B6 /* tochio.jpeg in Resources */,
				B27DA5D21B8C3CE400A20569 /* LaunchScreen.xib in Resources */,
				B27DA5CF1B8C3CE400A20569 /* Images.xcassets in Resources */,
				B2B29F111BBA002B00DB49E2 /* kubota2.jpg in Resources */,
			);
			runOnlyForDeploymentPostprocessing = 0;
		};
		B27DA5D51B8C3CE500A20569 /* Resources */ = {
			isa = PBXResourcesBuildPhase;
			buildActionMask = 2147483647;
			files = (
			);
			runOnlyForDeploymentPostprocessing = 0;
		};
/* End PBXResourcesBuildPhase section */

/* Begin PBXShellScriptBuildPhase section */
		3D83A20F864A6C113E27C888 /* Check Pods Manifest.lock */ = {
			isa = PBXShellScriptBuildPhase;
			buildActionMask = 2147483647;
			files = (
			);
			inputPaths = (
			);
			name = "Check Pods Manifest.lock";
			outputPaths = (
			);
			runOnlyForDeploymentPostprocessing = 0;
			shellPath = /bin/sh;
			shellScript = "diff \"${PODS_ROOT}/../Podfile.lock\" \"${PODS_ROOT}/Manifest.lock\" > /dev/null\nif [[ $? != 0 ]] ; then\n    cat << EOM\nerror: The sandbox is not in sync with the Podfile.lock. Run 'pod install' or update your CocoaPods installation.\nEOM\n    exit 1\nfi\n";
			showEnvVarsInLog = 0;
		};
		66F958C37EF6B16E8A1436FC /* Copy Pods Resources */ = {
			isa = PBXShellScriptBuildPhase;
			buildActionMask = 2147483647;
			files = (
			);
			inputPaths = (
			);
			name = "Copy Pods Resources";
			outputPaths = (
			);
			runOnlyForDeploymentPostprocessing = 0;
			shellPath = /bin/sh;
			shellScript = "\"${SRCROOT}/Pods/Target Support Files/Pods/Pods-resources.sh\"\n";
			showEnvVarsInLog = 0;
		};
/* End PBXShellScriptBuildPhase section */

/* Begin PBXSourcesBuildPhase section */
		B27DA5BE1B8C3CE400A20569 /* Sources */ = {
			isa = PBXSourcesBuildPhase;
			buildActionMask = 2147483647;
			files = (
				E753A5901BB8ED7B00232C5E /* RAMFrameItemAnimation.swift in Sources */,
				E753A5941BB8ED7B00232C5E /* RAMAnimatedTabBarController.swift in Sources */,
				B2B29F131BBA25F900DB49E2 /* CustomUICollectionVIewCell.swift in Sources */,
				E7BFC4D81BA871C2000069EB /* PopularSakeViewController.swift in Sources */,
				E736401D1BA84737006B0368 /* SecondViewController.swift in Sources */,
				E736401B1BA84718006B0368 /* FirstViewController.swift in Sources */,
				E736401F1BA848DF006B0368 /* ThirdViewController.swift in Sources */,
				B228EE111BB7D2C4001EE0C2 /* PopularFoodViewController.swift in Sources */,
				E73640271BA85867006B0368 /* FourthViewController.swift in Sources */,
				B228EE131BB7D2F2001EE0C2 /* PopularPlaceViewController.swift in Sources */,
				E753A58F1BB8ED7B00232C5E /* RAMBounceAnimation.swift in Sources */,
				E753A5951BB8ED7B00232C5E /* RAMItemAnimationProtocol.swift in Sources */,
				B27DA5CA1B8C3CE400A20569 /* ViewController.swift in Sources */,
				E753A5931BB8ED7B00232C5E /* RAMTransitionItemAnimation.swift in Sources */,
				E753A5911BB8ED7B00232C5E /* RAMFumeAnimation.swift in Sources */,
				E753A5921BB8ED7B00232C5E /* RAMRotationAnimation.swift in Sources */,
				B27DA5C81B8C3CE400A20569 /* AppDelegate.swift in Sources */,
			);
			runOnlyForDeploymentPostprocessing = 0;
		};
		B27DA5D31B8C3CE500A20569 /* Sources */ = {
			isa = PBXSourcesBuildPhase;
			buildActionMask = 2147483647;
			files = (
				B27DA5DE1B8C3CE500A20569 /* Nomiaruki_AppTests.swift in Sources */,
			);
			runOnlyForDeploymentPostprocessing = 0;
		};
/* End PBXSourcesBuildPhase section */

/* Begin PBXTargetDependency section */
		B27DA5D91B8C3CE500A20569 /* PBXTargetDependency */ = {
			isa = PBXTargetDependency;
			target = B27DA5C11B8C3CE400A20569 /* Nomiaruki_App */;
			targetProxy = B27DA5D81B8C3CE500A20569 /* PBXContainerItemProxy */;
		};
/* End PBXTargetDependency section */

/* Begin PBXVariantGroup section */
		B27DA5CB1B8C3CE400A20569 /* Main.storyboard */ = {
			isa = PBXVariantGroup;
			children = (
				B27DA5CC1B8C3CE400A20569 /* Base */,
			);
			name = Main.storyboard;
			sourceTree = "<group>";
		};
		B27DA5D01B8C3CE400A20569 /* LaunchScreen.xib */ = {
			isa = PBXVariantGroup;
			children = (
				B27DA5D11B8C3CE400A20569 /* Base */,
			);
			name = LaunchScreen.xib;
			sourceTree = "<group>";
		};
/* End PBXVariantGroup section */

/* Begin XCBuildConfiguration section */
		B27DA5DF1B8C3CE500A20569 /* Debug */ = {
			isa = XCBuildConfiguration;
			buildSettings = {
				ALWAYS_SEARCH_USER_PATHS = NO;
				CLANG_CXX_LANGUAGE_STANDARD = "gnu++0x";
				CLANG_CXX_LIBRARY = "libc++";
				CLANG_ENABLE_MODULES = YES;
				CLANG_ENABLE_OBJC_ARC = YES;
				CLANG_WARN_BOOL_CONVERSION = YES;
				CLANG_WARN_CONSTANT_CONVERSION = YES;
				CLANG_WARN_DIRECT_OBJC_ISA_USAGE = YES_ERROR;
				CLANG_WARN_EMPTY_BODY = YES;
				CLANG_WARN_ENUM_CONVERSION = YES;
				CLANG_WARN_INT_CONVERSION = YES;
				CLANG_WARN_OBJC_ROOT_CLASS = YES_ERROR;
				CLANG_WARN_UNREACHABLE_CODE = YES;
				CLANG_WARN__DUPLICATE_METHOD_MATCH = YES;
				"CODE_SIGN_IDENTITY[sdk=iphoneos*]" = "iPhone Developer";
				COPY_PHASE_STRIP = NO;
				DEBUG_INFORMATION_FORMAT = "dwarf-with-dsym";
				ENABLE_STRICT_OBJC_MSGSEND = YES;
				GCC_C_LANGUAGE_STANDARD = gnu99;
				GCC_DYNAMIC_NO_PIC = NO;
				GCC_NO_COMMON_BLOCKS = YES;
				GCC_OPTIMIZATION_LEVEL = 0;
				GCC_PREPROCESSOR_DEFINITIONS = (
					"DEBUG=1",
					"$(inherited)",
				);
				GCC_SYMBOLS_PRIVATE_EXTERN = NO;
				GCC_WARN_64_TO_32_BIT_CONVERSION = YES;
				GCC_WARN_ABOUT_RETURN_TYPE = YES_ERROR;
				GCC_WARN_UNDECLARED_SELECTOR = YES;
				GCC_WARN_UNINITIALIZED_AUTOS = YES_AGGRESSIVE;
				GCC_WARN_UNUSED_FUNCTION = YES;
				GCC_WARN_UNUSED_VARIABLE = YES;
				IPHONEOS_DEPLOYMENT_TARGET = 8.4;
				MTL_ENABLE_DEBUG_INFO = YES;
				ONLY_ACTIVE_ARCH = YES;
				SDKROOT = iphoneos;
				SWIFT_OPTIMIZATION_LEVEL = "-Onone";
			};
			name = Debug;
		};
		B27DA5E01B8C3CE500A20569 /* Release */ = {
			isa = XCBuildConfiguration;
			buildSettings = {
				ALWAYS_SEARCH_USER_PATHS = NO;
				CLANG_CXX_LANGUAGE_STANDARD = "gnu++0x";
				CLANG_CXX_LIBRARY = "libc++";
				CLANG_ENABLE_MODULES = YES;
				CLANG_ENABLE_OBJC_ARC = YES;
				CLANG_WARN_BOOL_CONVERSION = YES;
				CLANG_WARN_CONSTANT_CONVERSION = YES;
				CLANG_WARN_DIRECT_OBJC_ISA_USAGE = YES_ERROR;
				CLANG_WARN_EMPTY_BODY = YES;
				CLANG_WARN_ENUM_CONVERSION = YES;
				CLANG_WARN_INT_CONVERSION = YES;
				CLANG_WARN_OBJC_ROOT_CLASS = YES_ERROR;
				CLANG_WARN_UNREACHABLE_CODE = YES;
				CLANG_WARN__DUPLICATE_METHOD_MATCH = YES;
				"CODE_SIGN_IDENTITY[sdk=iphoneos*]" = "iPhone Developer";
				COPY_PHASE_STRIP = NO;
				DEBUG_INFORMATION_FORMAT = "dwarf-with-dsym";
				ENABLE_NS_ASSERTIONS = NO;
				ENABLE_STRICT_OBJC_MSGSEND = YES;
				GCC_C_LANGUAGE_STANDARD = gnu99;
				GCC_NO_COMMON_BLOCKS = YES;
				GCC_WARN_64_TO_32_BIT_CONVERSION = YES;
				GCC_WARN_ABOUT_RETURN_TYPE = YES_ERROR;
				GCC_WARN_UNDECLARED_SELECTOR = YES;
				GCC_WARN_UNINITIALIZED_AUTOS = YES_AGGRESSIVE;
				GCC_WARN_UNUSED_FUNCTION = YES;
				GCC_WARN_UNUSED_VARIABLE = YES;
				IPHONEOS_DEPLOYMENT_TARGET = 8.4;
				MTL_ENABLE_DEBUG_INFO = NO;
				SDKROOT = iphoneos;
				VALIDATE_PRODUCT = YES;
			};
			name = Release;
		};
		B27DA5E21B8C3CE500A20569 /* Debug */ = {
			isa = XCBuildConfiguration;
			baseConfigurationReference = A0519420F48334D6F14DE5BF /* Pods.debug.xcconfig */;
			buildSettings = {
				ASSETCATALOG_COMPILER_APPICON_NAME = AppIcon;
				INFOPLIST_FILE = Nomiaruki_App/Info.plist;
				LD_RUNPATH_SEARCH_PATHS = "$(inherited) @executable_path/Frameworks";
				PRODUCT_NAME = "$(TARGET_NAME)";
				SWIFT_OBJC_BRIDGING_HEADER = "Nomiaruki_App/Bridging-Header.h";
			};
			name = Debug;
		};
		B27DA5E31B8C3CE500A20569 /* Release */ = {
			isa = XCBuildConfiguration;
			baseConfigurationReference = C574A135F351139856F954DD /* Pods.release.xcconfig */;
			buildSettings = {
				ASSETCATALOG_COMPILER_APPICON_NAME = AppIcon;
				INFOPLIST_FILE = Nomiaruki_App/Info.plist;
				LD_RUNPATH_SEARCH_PATHS = "$(inherited) @executable_path/Frameworks";
				PRODUCT_NAME = "$(TARGET_NAME)";
				SWIFT_OBJC_BRIDGING_HEADER = "Nomiaruki_App/Bridging-Header.h";
			};
			name = Release;
		};
		B27DA5E51B8C3CE500A20569 /* Debug */ = {
			isa = XCBuildConfiguration;
			buildSettings = {
				BUNDLE_LOADER = "$(TEST_HOST)";
				FRAMEWORK_SEARCH_PATHS = (
					"$(SDKROOT)/Developer/Library/Frameworks",
					"$(inherited)",
				);
				GCC_PREPROCESSOR_DEFINITIONS = (
					"DEBUG=1",
					"$(inherited)",
				);
				INFOPLIST_FILE = Nomiaruki_AppTests/Info.plist;
				LD_RUNPATH_SEARCH_PATHS = "$(inherited) @executable_path/Frameworks @loader_path/Frameworks";
				PRODUCT_NAME = "$(TARGET_NAME)";
				TEST_HOST = "$(BUILT_PRODUCTS_DIR)/Nomiaruki_App.app/Nomiaruki_App";
			};
			name = Debug;
		};
		B27DA5E61B8C3CE500A20569 /* Release */ = {
			isa = XCBuildConfiguration;
			buildSettings = {
				BUNDLE_LOADER = "$(TEST_HOST)";
				FRAMEWORK_SEARCH_PATHS = (
					"$(SDKROOT)/Developer/Library/Frameworks",
					"$(inherited)",
				);
				INFOPLIST_FILE = Nomiaruki_AppTests/Info.plist;
				LD_RUNPATH_SEARCH_PATHS = "$(inherited) @executable_path/Frameworks @loader_path/Frameworks";
				PRODUCT_NAME = "$(TARGET_NAME)";
				TEST_HOST = "$(BUILT_PRODUCTS_DIR)/Nomiaruki_App.app/Nomiaruki_App";
			};
			name = Release;
		};
/* End XCBuildConfiguration section */

/* Begin XCConfigurationList section */
		B27DA5BD1B8C3CE400A20569 /* Build configuration list for PBXProject "Nomiaruki_App" */ = {
			isa = XCConfigurationList;
			buildConfigurations = (
				B27DA5DF1B8C3CE500A20569 /* Debug */,
				B27DA5E01B8C3CE500A20569 /* Release */,
			);
			defaultConfigurationIsVisible = 0;
			defaultConfigurationName = Release;
		};
		B27DA5E11B8C3CE500A20569 /* Build configuration list for PBXNativeTarget "Nomiaruki_App" */ = {
			isa = XCConfigurationList;
			buildConfigurations = (
				B27DA5E21B8C3CE500A20569 /* Debug */,
				B27DA5E31B8C3CE500A20569 /* Release */,
			);
			defaultConfigurationIsVisible = 0;
			defaultConfigurationName = Release;
		};
		B27DA5E41B8C3CE500A20569 /* Build configuration list for PBXNativeTarget "Nomiaruki_AppTests" */ = {
			isa = XCConfigurationList;
			buildConfigurations = (
				B27DA5E51B8C3CE500A20569 /* Debug */,
				B27DA5E61B8C3CE500A20569 /* Release */,
			);
			defaultConfigurationIsVisible = 0;
			defaultConfigurationName = Release;
		};
/* End XCConfigurationList section */
	};
	rootObject = B27DA5BA1B8C3CE400A20569 /* Project object */;
}
